
Microsoft Visual Studio Solution File, Format Version 12.00
# Visual Studio Version 17
VisualStudioVersion = 17.0.31903.59
MinimumVisualStudioVersion = 10.0.40219.1
Project("{2150E333-8FDC-42A3-9474-1A3956D46DE8}") = "src", "src", "{29B537EE-95DA-410D-8BE9-EB1963AFC7B9}"
EndProject
Project("{9A19103F-16F7-4668-BE54-9A1E7A4F7556}") = "SocialChitChat.Api", "src\SocialChitChat.Api\SocialChitChat.Api.csproj", "{5857EAA1-4AF9-47D6-BF19-C75C9B53EEBE}"
EndProject
Project("{9A19103F-16F7-4668-BE54-9A1E7A4F7556}") = "SocialChitChat.Business", "src\SocialChitChat.Business\SocialChitChat.Business.csproj", "{E4364F3F-16D1-409F-8821-1398F075EDBF}"
EndProject
Project("{9A19103F-16F7-4668-BE54-9A1E7A4F7556}") = "SocialChitChat.DataAccess", "src\SocialChitChat.DataAccess\SocialChitChat.DataAccess.csproj", "{E52F2089-91AB-46B5-8528-E61A4941C48C}"
EndProject
Project("{2150E333-8FDC-42A3-9474-1A3956D46DE8}") = "test", "test", "{EC49CB1C-B784-4CF2-A97C-86ADEFBC2424}"
EndProject
Project("{9A19103F-16F7-4668-BE54-9A1E7A4F7556}") = "SocialChitChat.Api.Tests", "test\SocialChitChat.Api.Tests\SocialChitChat.Api.Tests.csproj", "{FE229858-0A52-4620-93A8-3CABC802DDE2}"
EndProject
Project("{9A19103F-16F7-4668-BE54-9A1E7A4F7556}") = "SocialChitChat.Business.Tests", "test\SocialChitChat.Business.Tests\SocialChitChat.Business.Tests.csproj", "{4E8DA44C-D456-403C-A178-A09EE483D1F3}"
EndProject
Project("{9A19103F-16F7-4668-BE54-9A1E7A4F7556}") = "SocialChitChat.DataAccess.Tests", "test\SocialChitChat.DataAccess.Tests\SocialChitChat.DataAccess.Tests.csproj", "{493730CD-9C95-40BD-B725-3CA42521E544}"
EndProject
Project("{E53339B2-1760-4266-BCC7-CA923CBCF16C}") = "docker-compose", "docker-compose.dcproj", "{61E65678-A948-4E7D-B065-BA3103485D25}"
EndProject
Global
	GlobalSection(SolutionConfigurationPlatforms) = preSolution
		Debug|Any CPU = Debug|Any CPU
		Release|Any CPU = Release|Any CPU
	EndGlobalSection
	GlobalSection(ProjectConfigurationPlatforms) = postSolution
		{5857EAA1-4AF9-47D6-BF19-C75C9B53EEBE}.Debug|Any CPU.ActiveCfg = Debug|Any CPU
		{5857EAA1-4AF9-47D6-BF19-C75C9B53EEBE}.Debug|Any CPU.Build.0 = Debug|Any CPU
		{5857EAA1-4AF9-47D6-BF19-C75C9B53EEBE}.Release|Any CPU.ActiveCfg = Release|Any CPU
		{5857EAA1-4AF9-47D6-BF19-C75C9B53EEBE}.Release|Any CPU.Build.0 = Release|Any CPU
		{E4364F3F-16D1-409F-8821-1398F075EDBF}.Debug|Any CPU.ActiveCfg = Debug|Any CPU
		{E4364F3F-16D1-409F-8821-1398F075EDBF}.Debug|Any CPU.Build.0 = Debug|Any CPU
		{E4364F3F-16D1-409F-8821-1398F075EDBF}.Release|Any CPU.ActiveCfg = Release|Any CPU
		{E4364F3F-16D1-409F-8821-1398F075EDBF}.Release|Any CPU.Build.0 = Release|Any CPU
		{E52F2089-91AB-46B5-8528-E61A4941C48C}.Debug|Any CPU.ActiveCfg = Debug|Any CPU
		{E52F2089-91AB-46B5-8528-E61A4941C48C}.Debug|Any CPU.Build.0 = Debug|Any CPU
		{E52F2089-91AB-46B5-8528-E61A4941C48C}.Release|Any CPU.ActiveCfg = Release|Any CPU
		{E52F2089-91AB-46B5-8528-E61A4941C48C}.Release|Any CPU.Build.0 = Release|Any CPU
		{FE229858-0A52-4620-93A8-3CABC802DDE2}.Debug|Any CPU.ActiveCfg = Debug|Any CPU
		{FE229858-0A52-4620-93A8-3CABC802DDE2}.Debug|Any CPU.Build.0 = Debug|Any CPU
		{FE229858-0A52-4620-93A8-3CABC802DDE2}.Release|Any CPU.ActiveCfg = Release|Any CPU
		{FE229858-0A52-4620-93A8-3CABC802DDE2}.Release|Any CPU.Build.0 = Release|Any CPU
		{4E8DA44C-D456-403C-A178-A09EE483D1F3}.Debug|Any CPU.ActiveCfg = Debug|Any CPU
		{4E8DA44C-D456-403C-A178-A09EE483D1F3}.Debug|Any CPU.Build.0 = Debug|Any CPU
		{4E8DA44C-D456-403C-A178-A09EE483D1F3}.Release|Any CPU.ActiveCfg = Release|Any CPU
		{4E8DA44C-D456-403C-A178-A09EE483D1F3}.Release|Any CPU.Build.0 = Release|Any CPU
		{493730CD-9C95-40BD-B725-3CA42521E544}.Debug|Any CPU.ActiveCfg = Debug|Any CPU
		{493730CD-9C95-40BD-B725-3CA42521E544}.Debug|Any CPU.Build.0 = Debug|Any CPU
		{493730CD-9C95-40BD-B725-3CA42521E544}.Release|Any CPU.ActiveCfg = Release|Any CPU
		{493730CD-9C95-40BD-B725-3CA42521E544}.Release|Any CPU.Build.0 = Release|Any CPU
		{61E65678-A948-4E7D-B065-BA3103485D25}.Debug|Any CPU.ActiveCfg = Debug|Any CPU
		{61E65678-A948-4E7D-B065-BA3103485D25}.Debug|Any CPU.Build.0 = Debug|Any CPU
		{61E65678-A948-4E7D-B065-BA3103485D25}.Release|Any CPU.ActiveCfg = Release|Any CPU
		{61E65678-A948-4E7D-B065-BA3103485D25}.Release|Any CPU.Build.0 = Release|Any CPU
	EndGlobalSection
	GlobalSection(SolutionProperties) = preSolution
		HideSolutionNode = FALSE
	EndGlobalSection
	GlobalSection(NestedProjects) = preSolution
		{5857EAA1-4AF9-47D6-BF19-C75C9B53EEBE} = {29B537EE-95DA-410D-8BE9-EB1963AFC7B9}
		{E4364F3F-16D1-409F-8821-1398F075EDBF} = {29B537EE-95DA-410D-8BE9-EB1963AFC7B9}
		{E52F2089-91AB-46B5-8528-E61A4941C48C} = {29B537EE-95DA-410D-8BE9-EB1963AFC7B9}
		{FE229858-0A52-4620-93A8-3CABC802DDE2} = {EC49CB1C-B784-4CF2-A97C-86ADEFBC2424}
		{4E8DA44C-D456-403C-A178-A09EE483D1F3} = {EC49CB1C-B784-4CF2-A97C-86ADEFBC2424}
		{493730CD-9C95-40BD-B725-3CA42521E544} = {EC49CB1C-B784-4CF2-A97C-86ADEFBC2424}
	EndGlobalSection
	GlobalSection(ExtensibilityGlobals) = postSolution
		SolutionGuid = {8382162C-DB72-4707-AEC7-BEAD7A4CC462}
	EndGlobalSection
EndGlobal
